Microsoft Visual Studio Solution File, Format Version 12.00
# Visual Studio Version 17
VisualStudioVersion = 17.5.2.0
MinimumVisualStudioVersion = 10.0.40219.1
Project("{2150E333-8FDC-42A3-9474-1A3956D46DE8}") = "src", "src", "{827E0CD3-B72D-47B6-A68D-7590B98EB39B}"
EndProject
Project("{FAE04EC0-301F-11D3-BF4B-00C04F79EFBC}") = "DebeziumPostgresRabbitmqConsumer", "src\DebeziumPostgresRabbitmqConsumer\DebeziumPostgresRabbitmqConsumer.csproj", "{957B3952-15BB-AE70-819E-26FB88F500BD}"
EndProject
Global
	GlobalSection(SolutionConfigurationPlatforms) = preSolution
		Debug|Any CPU = Debug|Any CPU
		Release|Any CPU = Release|Any CPU
	EndGlobalSection
	GlobalSection(ProjectConfigurationPlatforms) = postSolution
		{957B3952-15BB-AE70-819E-26FB88F500BD}.Debug|Any CPU.ActiveCfg = Debug|Any CPU
		{957B3952-15BB-AE70-819E-26FB88F500BD}.Debug|Any CPU.Build.0 = Debug|Any CPU
		{957B3952-15BB-AE70-819E-26FB88F500BD}.Release|Any CPU.ActiveCfg = Release|Any CPU
		{957B3952-15BB-AE70-819E-26FB88F500BD}.Release|Any CPU.Build.0 = Release|Any CPU
	EndGlobalSection
	GlobalSection(SolutionProperties) = preSolution
		HideSolutionNode = FALSE
	EndGlobalSection
	GlobalSection(NestedProjects) = preSolution
		{957B3952-15BB-AE70-819E-26FB88F500BD} = {827E0CD3-B72D-47B6-A68D-7590B98EB39B}
	EndGlobalSection
	GlobalSection(ExtensibilityGlobals) = postSolution
		SolutionGuid = {DE5B3D83-83DD-45BF-8F68-0D0C9E8E35EE}
	EndGlobalSection
EndGlobal
